
Microsoft Visual Studio Solution File, Format Version 12.00
# Visual Studio Version 17
VisualStudioVersion = 17.5.33516.290
MinimumVisualStudioVersion = 10.0.40219.1
Project("{FAE04EC0-301F-11D3-BF4B-00C04F79EFBC}") = "cAlmendarizs6p.Android", "cAlmendarizs6p.Android\cAlmendarizs6p.Android.csproj", "{F68DD961-F999-45DB-9A0F-99C0DC46591E}"
EndProject
Project("{FAE04EC0-301F-11D3-BF4B-00C04F79EFBC}") = "cAlmendarizs6p.iOS", "cAlmendarizs6p.iOS\cAlmendarizs6p.iOS.csproj", "{EA01E457-55C8-429B-B47E-9B915B1A1FC3}"
EndProject
Project("{FAE04EC0-301F-11D3-BF4B-00C04F79EFBC}") = "cAlmendarizs6p", "cAlmendarizs6p\cAlmendarizs6p.csproj", "{4A3C218E-645E-457A-B7CA-686D7F10D6A6}"
EndProject
Global
	GlobalSection(SolutionConfigurationPlatforms) = preSolution
		Debug|Any CPU = Debug|Any CPU
		Debug|iPhone = Debug|iPhone
		Debug|iPhoneSimulator = Debug|iPhoneSimulator
		Release|Any CPU = Release|Any CPU
		Release|iPhone = Release|iPhone
		Release|iPhoneSimulator = Release|iPhoneSimulator
	EndGlobalSection
	GlobalSection(ProjectConfigurationPlatforms) = postSolution
		{F68DD961-F999-45DB-9A0F-99C0DC46591E}.Debug|Any CPU.ActiveCfg = Debug|Any CPU
		{F68DD961-F999-45DB-9A0F-99C0DC46591E}.Debug|Any CPU.Build.0 = Debug|Any CPU
		{F68DD961-F999-45DB-9A0F-99C0DC46591E}.Debug|Any CPU.Deploy.0 = Debug|Any CPU
		{F68DD961-F999-45DB-9A0F-99C0DC46591E}.Debug|iPhone.ActiveCfg = Debug|Any CPU
		{F68DD961-F999-45DB-9A0F-99C0DC46591E}.Debug|iPhone.Build.0 = Debug|Any CPU
		{F68DD961-F999-45DB-9A0F-99C0DC46591E}.Debug|iPhone.Deploy.0 = Debug|Any CPU
		{F68DD961-F999-45DB-9A0F-99C0DC46591E}.Debug|iPhoneSimulator.ActiveCfg = Debug|Any CPU
		{F68DD961-F999-45DB-9A0F-99C0DC46591E}.Debug|iPhoneSimulator.Build.0 = Debug|Any CPU
		{F68DD961-F999-45DB-9A0F-99C0DC46591E}.Debug|iPhoneSimulator.Deploy.0 = Debug|Any CPU
		{F68DD961-F999-45DB-9A0F-99C0DC46591E}.Release|Any CPU.ActiveCfg = Release|Any CPU
		{F68DD961-F999-45DB-9A0F-99C0DC46591E}.Release|Any CPU.Build.0 = Release|Any CPU
		{F68DD961-F999-45DB-9A0F-99C0DC46591E}.Release|Any CPU.Deploy.0 = Release|Any CPU
		{F68DD961-F999-45DB-9A0F-99C0DC46591E}.Release|iPhone.ActiveCfg = Release|Any CPU
		{F68DD961-F999-45DB-9A0F-99C0DC46591E}.Release|iPhone.Build.0 = Release|Any CPU
		{F68DD961-F999-45DB-9A0F-99C0DC46591E}.Release|iPhone.Deploy.0 = Release|Any CPU
		{F68DD961-F999-45DB-9A0F-99C0DC46591E}.Release|iPhoneSimulator.ActiveCfg = Release|Any CPU
		{F68DD961-F999-45DB-9A0F-99C0DC46591E}.Release|iPhoneSimulator.Build.0 = Release|Any CPU
		{F68DD961-F999-45DB-9A0F-99C0DC46591E}.Release|iPhoneSimulator.Deploy.0 = Release|Any CPU
		{EA01E457-55C8-429B-B47E-9B915B1A1FC3}.Debug|Any CPU.ActiveCfg = Debug|iPhone
		{EA01E457-55C8-429B-B47E-9B915B1A1FC3}.Debug|Any CPU.Build.0 = Debug|iPhone
		{EA01E457-55C8-429B-B47E-9B915B1A1FC3}.Debug|Any CPU.Deploy.0 = Debug|iPhone
		{EA01E457-55C8-429B-B47E-9B915B1A1FC3}.Debug|iPhone.ActiveCfg = Debug|iPhone
		{EA01E457-55C8-429B-B47E-9B915B1A1FC3}.Debug|iPhone.Build.0 = Debug|iPhone
		{EA01E457-55C8-429B-B47E-9B915B1A1FC3}.Debug|iPhone.Deploy.0 = Debug|iPhone
		{EA01E457-55C8-429B-B47E-9B915B1A1FC3}.Debug|iPhoneSimulator.ActiveCfg = Debug|iPhoneSimulator
		{EA01E457-55C8-429B-B47E-9B915B1A1FC3}.Debug|iPhoneSimulator.Build.0 = Debug|iPhoneSimulator
		{EA01E457-55C8-429B-B47E-9B915B1A1FC3}.Debug|iPhoneSimulator.Deploy.0 = Debug|iPhoneSimulator
		{EA01E457-55C8-429B-B47E-9B915B1A1FC3}.Release|Any CPU.ActiveCfg = Release|iPhoneSimulator
		{EA01E457-55C8-429B-B47E-9B915B1A1FC3}.Release|Any CPU.Build.0 = Release|iPhoneSimulator
		{EA01E457-55C8-429B-B47E-9B915B1A1FC3}.Release|Any CPU.Deploy.0 = Release|iPhoneSimulator
		{EA01E457-55C8-429B-B47E-9B915B1A1FC3}.Release|iPhone.ActiveCfg = Release|iPhone
		{EA01E457-55C8-429B-B47E-9B915B1A1FC3}.Release|iPhone.Build.0 = Release|iPhone
		{EA01E457-55C8-429B-B47E-9B915B1A1FC3}.Release|iPhone.Deploy.0 = Release|iPhone
		{EA01E457-55C8-429B-B47E-9B915B1A1FC3}.Release|iPhoneSimulator.ActiveCfg = Release|iPhoneSimulator
		{EA01E457-55C8-429B-B47E-9B915B1A1FC3}.Release|iPhoneSimulator.Build.0 = Release|iPhoneSimulator
		{EA01E457-55C8-429B-B47E-9B915B1A1FC3}.Release|iPhoneSimulator.Deploy.0 = Release|iPhoneSimulator
		{4A3C218E-645E-457A-B7CA-686D7F10D6A6}.Debug|Any CPU.ActiveCfg = Debug|Any CPU
		{4A3C218E-645E-457A-B7CA-686D7F10D6A6}.Debug|Any CPU.Build.0 = Debug|Any CPU
		{4A3C218E-645E-457A-B7CA-686D7F10D6A6}.Debug|Any CPU.Deploy.0 = Debug|Any CPU
		{4A3C218E-645E-457A-B7CA-686D7F10D6A6}.Debug|iPhone.ActiveCfg = Debug|Any CPU
		{4A3C218E-645E-457A-B7CA-686D7F10D6A6}.Debug|iPhone.Build.0 = Debug|Any CPU
		{4A3C218E-645E-457A-B7CA-686D7F10D6A6}.Debug|iPhone.Deploy.0 = Debug|Any CPU
		{4A3C218E-645E-457A-B7CA-686D7F10D6A6}.Debug|iPhoneSimulator.ActiveCfg = Debug|Any CPU
		{4A3C218E-645E-457A-B7CA-686D7F10D6A6}.Debug|iPhoneSimulator.Build.0 = Debug|Any CPU
		{4A3C218E-645E-457A-B7CA-686D7F10D6A6}.Debug|iPhoneSimulator.Deploy.0 = Debug|Any CPU
		{4A3C218E-645E-457A-B7CA-686D7F10D6A6}.Release|Any CPU.ActiveCfg = Release|Any CPU
		{4A3C218E-645E-457A-B7CA-686D7F10D6A6}.Release|Any CPU.Build.0 = Release|Any CPU
		{4A3C218E-645E-457A-B7CA-686D7F10D6A6}.Release|Any CPU.Deploy.0 = Release|Any CPU
		{4A3C218E-645E-457A-B7CA-686D7F10D6A6}.Release|iPhone.ActiveCfg = Release|Any CPU
		{4A3C218E-645E-457A-B7CA-686D7F10D6A6}.Release|iPhone.Build.0 = Release|Any CPU
		{4A3C218E-645E-457A-B7CA-686D7F10D6A6}.Release|iPhone.Deploy.0 = Release|Any CPU
		{4A3C218E-645E-457A-B7CA-686D7F10D6A6}.Release|iPhoneSimulator.ActiveCfg = Release|Any CPU
		{4A3C218E-645E-457A-B7CA-686D7F10D6A6}.Release|iPhoneSimulator.Build.0 = Release|Any CPU
		{4A3C218E-645E-457A-B7CA-686D7F10D6A6}.Release|iPhoneSimulator.Deploy.0 = Release|Any CPU
	EndGlobalSection
	GlobalSection(SolutionProperties) = preSolution
		HideSolutionNode = FALSE
	EndGlobalSection
	GlobalSection(ExtensibilityGlobals) = postSolution
		SolutionGuid = {A9A138EC-F452-47AB-9CED-F42E4185722F}
	EndGlobalSection
EndGlobal
